{
  "name": "1",
  "version": "1.0.0",
  "lockfileVersion": 1,
  "requires": true,
  "dependencies": {
    "@types/node": {
      "version": "12.12.14",
      "resolved": "https://registry.npmjs.org/@types/node/-/node-12.12.14.tgz",
      "integrity": "sha512-u/SJDyXwuihpwjXy7hOOghagLEV1KdAST6syfnOk6QZAMzZuWZqXy5aYYZbh8Jdpd4escVFP0MvftHNDb9pruA==",
      "dev": true
    },
    "@types/ramda": {
      "version": "0.26.36",
      "resolved": "https://registry.npmjs.org/@types/ramda/-/ramda-0.26.36.tgz",
      "integrity": "sha512-uo22Nf32Cc3EURp9tYlFttY8MVQZ1zoVum+D+yQ2jm4IqQFxDtwCQlP/WMwbuj4ey5kw1rJ7v6OacDszfWiqLA==",
      "dev": true,
      "requires": {
        "ts-toolbelt": "^4.10.7"
      }
    },
    "promisified-fs": {
      "version": "1.0.1",
      "resolved": "https://registry.npmjs.org/promisified-fs/-/promisified-fs-1.0.1.tgz",
      "integrity": "sha512-qqvsT9GMZW+aDBjCzOWri44gIA29gKOXErsukWcR97ZxA/ODy2RmE4iZB95bD8IscneYSg7mRmdfH/iBi32BuQ=="
    },
    "ramda": {
      "version": "0.26.1",
      "resolved": "https://registry.npmjs.org/ramda/-/ramda-0.26.1.tgz",
      "integrity": "sha512-hLWjpy7EnsDBb0p+Z3B7rPi3GDeRG5ZtiI33kJhTt+ORCd38AbAIjB/9zRIUoeTbE/AVX5ZkU7m6bznsvrf8eQ=="
    },
    "ts-toolbelt": {
      "version": "4.12.5",
      "resolved": "https://registry.npmjs.org/ts-toolbelt/-/ts-toolbelt-4.12.5.tgz",
      "integrity": "sha512-LxyONMKpDNPYtO3s63lQ7YNw93Xpsf6Krrvx/5XHT2I9YqgSZ0C+fERQKVklRgXOK+QhdDYplRvgdWPt43Eo0A==",
      "dev": true
    }
  }
}
